
Microsoft Visual Studio Solution File, Format Version 12.00
# Visual Studio 2015
Project("{FAE04EC0-301F-11D3-BF4B-00C04F79EFBC}") = "AdventureOFMenino", "AdventureOFMenino.csproj", "{094DBFE8-EDEA-C980-5613-BD31F73AB04D}"
EndProject
Global
	GlobalSection(SolutionConfigurationPlatforms) = preSolution
		Debug|Any CPU = Debug|Any CPU
		Release|Any CPU = Release|Any CPU
	EndGlobalSection
	GlobalSection(ProjectConfigurationPlatforms) = postSolution
		{094DBFE8-EDEA-C980-5613-BD31F73AB04D}.Debug|Any CPU.ActiveCfg = Debug|Any CPU
		{094DBFE8-EDEA-C980-5613-BD31F73AB04D}.Debug|Any CPU.Build.0 = Debug|Any CPU
		{094DBFE8-EDEA-C980-5613-BD31F73AB04D}.Release|Any CPU.ActiveCfg = Release|Any CPU
		{094DBFE8-EDEA-C980-5613-BD31F73AB04D}.Release|Any CPU.Build.0 = Release|Any CPU
	EndGlobalSection
	GlobalSection(SolutionProperties) = preSolution
		HideSolutionNode = FALSE
	EndGlobalSection
EndGlobal
