
Microsoft Visual Studio Solution File, Format Version 11.00
# Visual Studio 2010
Project("{FAE04EC0-301F-11D3-BF4B-00C04F79EFBC}") = "AdvectureOfMenino-master", "Assembly-CSharp.csproj", "{F82AB823-A25D-7943-098C-0A662BF4AF02}"
EndProject
Project("{FAE04EC0-301F-11D3-BF4B-00C04F79EFBC}") = "AdvectureOfMenino-master", "Assembly-CSharp-Editor.csproj", "{00984062-6F61-A6AF-C85C-5A19C145F34A}"
EndProject
Global
	GlobalSection(SolutionConfigurationPlatforms) = preSolution
		Debug|Any CPU = Debug|Any CPU
		Release|Any CPU = Release|Any CPU
	EndGlobalSection
	GlobalSection(ProjectConfigurationPlatforms) = postSolution
		{F82AB823-A25D-7943-098C-0A662BF4AF02}.Debug|Any CPU.ActiveCfg = Debug|Any CPU
		{F82AB823-A25D-7943-098C-0A662BF4AF02}.Debug|Any CPU.Build.0 = Debug|Any CPU
		{F82AB823-A25D-7943-098C-0A662BF4AF02}.Release|Any CPU.ActiveCfg = Release|Any CPU
		{F82AB823-A25D-7943-098C-0A662BF4AF02}.Release|Any CPU.Build.0 = Release|Any CPU
		{00984062-6F61-A6AF-C85C-5A19C145F34A}.Debug|Any CPU.ActiveCfg = Debug|Any CPU
		{00984062-6F61-A6AF-C85C-5A19C145F34A}.Debug|Any CPU.Build.0 = Debug|Any CPU
		{00984062-6F61-A6AF-C85C-5A19C145F34A}.Release|Any CPU.ActiveCfg = Release|Any CPU
		{00984062-6F61-A6AF-C85C-5A19C145F34A}.Release|Any CPU.Build.0 = Release|Any CPU
	EndGlobalSection
	GlobalSection(SolutionProperties) = preSolution
		HideSolutionNode = FALSE
	EndGlobalSection
	GlobalSection(MonoDevelopProperties) = preSolution
		StartupItem = Assembly-CSharp.csproj
	EndGlobalSection
EndGlobal
