
Microsoft Visual Studio Solution File, Format Version 12.00
# Visual Studio 2015
Project("{FAE04EC0-301F-11D3-BF4B-00C04F79EFBC}") = "Menino", "Menino.csproj", "{5603458A-5F47-15DE-7B5C-A1249FCABFEA}"
EndProject
Project("{FAE04EC0-301F-11D3-BF4B-00C04F79EFBC}") = "Menino.Editor", "Menino.Editor.csproj", "{EC536BE2-1D5E-8BC5-5C81-6F93F3B9EC3B}"
EndProject
Global
	GlobalSection(SolutionConfigurationPlatforms) = preSolution
		Debug|Any CPU = Debug|Any CPU
		Release|Any CPU = Release|Any CPU
	EndGlobalSection
	GlobalSection(ProjectConfigurationPlatforms) = postSolution
		{5603458A-5F47-15DE-7B5C-A1249FCABFEA}.Debug|Any CPU.ActiveCfg = Debug|Any CPU
		{5603458A-5F47-15DE-7B5C-A1249FCABFEA}.Debug|Any CPU.Build.0 = Debug|Any CPU
		{5603458A-5F47-15DE-7B5C-A1249FCABFEA}.Release|Any CPU.ActiveCfg = Release|Any CPU
		{5603458A-5F47-15DE-7B5C-A1249FCABFEA}.Release|Any CPU.Build.0 = Release|Any CPU
		{EC536BE2-1D5E-8BC5-5C81-6F93F3B9EC3B}.Debug|Any CPU.ActiveCfg = Debug|Any CPU
		{EC536BE2-1D5E-8BC5-5C81-6F93F3B9EC3B}.Debug|Any CPU.Build.0 = Debug|Any CPU
		{EC536BE2-1D5E-8BC5-5C81-6F93F3B9EC3B}.Release|Any CPU.ActiveCfg = Release|Any CPU
		{EC536BE2-1D5E-8BC5-5C81-6F93F3B9EC3B}.Release|Any CPU.Build.0 = Release|Any CPU
	EndGlobalSection
	GlobalSection(SolutionProperties) = preSolution
		HideSolutionNode = FALSE
	EndGlobalSection
EndGlobal
